
Microsoft Visual Studio Solution File, Format Version 12.00
# Visual Studio Version 16
VisualStudioVersion = 16.0.30717.126
MinimumVisualStudioVersion = 10.0.40219.1
Project("{2150E333-8FDC-42A3-9474-1A3956D46DE8}") = ".sln", ".sln", "{62BFF640-C406-4127-A2F5-01B99B043F70}"
	ProjectSection(SolutionItems) = preProject
		..\.editorconfig = ..\.editorconfig
		..\.gitattributes = ..\.gitattributes
		..\.gitignore = ..\.gitignore
		..\Directory.Build.props = ..\Directory.Build.props
		..\LICENSE = ..\LICENSE
		..\.github\workflows\publish.yml = ..\.github\workflows\publish.yml
		..\README.md = ..\README.md
		..\stylecop.json = ..\stylecop.json
		..\version.json = ..\version.json
	EndProjectSection
EndProject
Project("{FAE04EC0-301F-11D3-BF4B-00C04F79EFBC}") = "FFT.Binance", "FFT.Binance\FFT.Binance.csproj", "{06A4B6A8-2BDE-45D2-A814-74176DB45D72}"
EndProject
Project("{FAE04EC0-301F-11D3-BF4B-00C04F79EFBC}") = "FFT.Binance.Tests", "FFT.Binance.Tests\FFT.Binance.Tests.csproj", "{E51FF55E-5042-4AF6-8F65-83E34125D098}"
EndProject
Global
	GlobalSection(SolutionConfigurationPlatforms) = preSolution
		Debug|Any CPU = Debug|Any CPU
		Release|Any CPU = Release|Any CPU
	EndGlobalSection
	GlobalSection(ProjectConfigurationPlatforms) = postSolution
		{06A4B6A8-2BDE-45D2-A814-74176DB45D72}.Debug|Any CPU.ActiveCfg = Debug|Any CPU
		{06A4B6A8-2BDE-45D2-A814-74176DB45D72}.Debug|Any CPU.Build.0 = Debug|Any CPU
		{06A4B6A8-2BDE-45D2-A814-74176DB45D72}.Release|Any CPU.ActiveCfg = Release|Any CPU
		{06A4B6A8-2BDE-45D2-A814-74176DB45D72}.Release|Any CPU.Build.0 = Release|Any CPU
		{E51FF55E-5042-4AF6-8F65-83E34125D098}.Debug|Any CPU.ActiveCfg = Debug|Any CPU
		{E51FF55E-5042-4AF6-8F65-83E34125D098}.Debug|Any CPU.Build.0 = Debug|Any CPU
		{E51FF55E-5042-4AF6-8F65-83E34125D098}.Release|Any CPU.ActiveCfg = Release|Any CPU
		{E51FF55E-5042-4AF6-8F65-83E34125D098}.Release|Any CPU.Build.0 = Release|Any CPU
	EndGlobalSection
	GlobalSection(SolutionProperties) = preSolution
		HideSolutionNode = FALSE
	EndGlobalSection
	GlobalSection(ExtensibilityGlobals) = postSolution
		SolutionGuid = {9F4FFCB3-6DFE-4659-8848-93AA96E42BFE}
	EndGlobalSection
EndGlobal
